
Microsoft Visual Studio Solution File, Format Version 12.00
# Visual Studio Version 16
VisualStudioVersion = 16.0.29411.108
MinimumVisualStudioVersion = 10.0.40219.1
Project("{FAE04EC0-301F-11D3-BF4B-00C04F79EFBC}") = "QuanLyNhaHang", "QuanLyNhaHang\QuanLyNhaHang.csproj", "{A82C22B7-5909-4D7B-A1A8-D5BCF6374EB3}"
EndProject
Project("{FAE04EC0-301F-11D3-BF4B-00C04F79EFBC}") = "ApplicationCore", "ApplicationCore\ApplicationCore.csproj", "{4CD38D3A-6DAB-49D6-B368-ED9F8E3A0690}"
EndProject
Project("{FAE04EC0-301F-11D3-BF4B-00C04F79EFBC}") = "Infrastructure", "Infrastructure\Infrastructure.csproj", "{E592A2CD-70C0-43C1-9DC2-CE80E26E5FDC}"
EndProject
Global
	GlobalSection(SolutionConfigurationPlatforms) = preSolution
		Debug|Any CPU = Debug|Any CPU
		Release|Any CPU = Release|Any CPU
	EndGlobalSection
	GlobalSection(ProjectConfigurationPlatforms) = postSolution
		{A82C22B7-5909-4D7B-A1A8-D5BCF6374EB3}.Debug|Any CPU.ActiveCfg = Debug|Any CPU
		{A82C22B7-5909-4D7B-A1A8-D5BCF6374EB3}.Debug|Any CPU.Build.0 = Debug|Any CPU
		{A82C22B7-5909-4D7B-A1A8-D5BCF6374EB3}.Release|Any CPU.ActiveCfg = Release|Any CPU
		{A82C22B7-5909-4D7B-A1A8-D5BCF6374EB3}.Release|Any CPU.Build.0 = Release|Any CPU
		{4CD38D3A-6DAB-49D6-B368-ED9F8E3A0690}.Debug|Any CPU.ActiveCfg = Debug|Any CPU
		{4CD38D3A-6DAB-49D6-B368-ED9F8E3A0690}.Debug|Any CPU.Build.0 = Debug|Any CPU
		{4CD38D3A-6DAB-49D6-B368-ED9F8E3A0690}.Release|Any CPU.ActiveCfg = Release|Any CPU
		{4CD38D3A-6DAB-49D6-B368-ED9F8E3A0690}.Release|Any CPU.Build.0 = Release|Any CPU
		{E592A2CD-70C0-43C1-9DC2-CE80E26E5FDC}.Debug|Any CPU.ActiveCfg = Debug|Any CPU
		{E592A2CD-70C0-43C1-9DC2-CE80E26E5FDC}.Debug|Any CPU.Build.0 = Debug|Any CPU
		{E592A2CD-70C0-43C1-9DC2-CE80E26E5FDC}.Release|Any CPU.ActiveCfg = Release|Any CPU
		{E592A2CD-70C0-43C1-9DC2-CE80E26E5FDC}.Release|Any CPU.Build.0 = Release|Any CPU
	EndGlobalSection
	GlobalSection(SolutionProperties) = preSolution
		HideSolutionNode = FALSE
	EndGlobalSection
	GlobalSection(ExtensibilityGlobals) = postSolution
		SolutionGuid = {3FE510D7-D100-462C-A064-155FD3C1143A}
	EndGlobalSection
EndGlobal
